
Microsoft Visual Studio Solution File, Format Version 12.00
# Visual Studio 15
VisualStudioVersion = 15.0.28307.1209
MinimumVisualStudioVersion = 10.0.40219.1
Project("{888888A0-9F3D-457C-B088-3A5042F75D52}") = "0724", "0724\0724.pyproj", "{B5AD2DCA-FD84-4EFF-B81B-4A69EA60315F}"
EndProject
Global
	GlobalSection(SolutionConfigurationPlatforms) = preSolution
		Debug|Any CPU = Debug|Any CPU
		Release|Any CPU = Release|Any CPU
	EndGlobalSection
	GlobalSection(ProjectConfigurationPlatforms) = postSolution
		{B5AD2DCA-FD84-4EFF-B81B-4A69EA60315F}.Debug|Any CPU.ActiveCfg = Debug|Any CPU
		{B5AD2DCA-FD84-4EFF-B81B-4A69EA60315F}.Release|Any CPU.ActiveCfg = Release|Any CPU
	EndGlobalSection
	GlobalSection(SolutionProperties) = preSolution
		HideSolutionNode = FALSE
	EndGlobalSection
	GlobalSection(ExtensibilityGlobals) = postSolution
		SolutionGuid = {AC3AB4DE-1986-4B42-83D8-39FA934796F6}
	EndGlobalSection
EndGlobal
